{
  "version": "4",
  "specifiers": {
    "jsr:@nothing628/chalk@*": "1.0.1",
    "jsr:@std/path@*": "1.0.9",
    "jsr:@std/path@^1.0.9": "1.0.9"
  },
  "jsr": {
    "@nothing628/chalk@1.0.1": {
      "integrity": "d89ab2f1a9674ce7134b791ea8f53aec728d3e00ad89d08c44785bff342d2ef6"
    },
    "@std/path@1.0.9": {
      "integrity": "260a49f11edd3db93dd38350bf9cd1b4d1366afa98e81b86167b4e3dd750129e"
    }
  },
  "workspace": {
    "dependencies": [
      "jsr:@std/path@^1.0.9"
    ]
  }
}
