{
  "version": "5",
  "specifiers": {
    "jsr:@nothing628/chalk@*": "1.0.1",
    "jsr:@quentinadam/assert@~0.1.11": "0.1.11",
    "jsr:@quentinadam/ensure@0.1": "0.1.0",
    "jsr:@quentinadam/uint8array-extension@~0.1.6": "0.1.6",
    "jsr:@quentinadam/zip@~0.1.6": "0.1.6",
    "jsr:@std/cli@^1.0.24": "1.0.24",
    "jsr:@std/fs@^1.0.20": "1.0.20",
    "jsr:@std/internal@^1.0.12": "1.0.12",
    "jsr:@std/path@*": "1.0.9",
    "jsr:@std/path@^1.0.9": "1.0.9",
    "jsr:@std/path@^1.1.3": "1.1.3"
  },
  "jsr": {
    "@nothing628/chalk@1.0.1": {
      "integrity": "d89ab2f1a9674ce7134b791ea8f53aec728d3e00ad89d08c44785bff342d2ef6"
    },
    "@quentinadam/assert@0.1.11": {
      "integrity": "d4cc1042fd15528474f9b796d3305a53bab256b325897e1f7b96274d9943aa36"
    },
    "@quentinadam/ensure@0.1.0": {
      "integrity": "b918726cc826bfcc6d86aab055d890d881a7ad73c554f79a41c63701a49f771e",
      "dependencies": [
        "jsr:@quentinadam/assert"
      ]
    },
    "@quentinadam/uint8array-extension@0.1.6": {
      "integrity": "4df194e81595723e3c7b28104083af006f75b5b8cacc9c3f032115e5559b9533",
      "dependencies": [
        "jsr:@quentinadam/assert"
      ]
    },
    "@quentinadam/zip@0.1.6": {
      "integrity": "22c1a5f21426a1b8ae297cd40c5ef9ad6f25fe558351d9a97f4d2cb85d259f1a",
      "dependencies": [
        "jsr:@quentinadam/assert",
        "jsr:@quentinadam/ensure",
        "jsr:@quentinadam/uint8array-extension"
      ]
    },
    "@std/cli@1.0.24": {
      "integrity": "b655a5beb26aa94f98add6bc8889f5fb9bc3ee2cc3fc954e151201f4c4200a5e",
      "dependencies": [
        "jsr:@std/internal"
      ]
    },
    "@std/fs@1.0.20": {
      "integrity": "e953206aae48d46ee65e8783ded459f23bec7dd1f3879512911c35e5484ea187",
      "dependencies": [
        "jsr:@std/internal",
        "jsr:@std/path@^1.1.3"
      ]
    },
    "@std/internal@1.0.12": {
      "integrity": "972a634fd5bc34b242024402972cd5143eac68d8dffaca5eaa4dba30ce17b027"
    },
    "@std/path@1.0.9": {
      "integrity": "260a49f11edd3db93dd38350bf9cd1b4d1366afa98e81b86167b4e3dd750129e"
    },
    "@std/path@1.1.3": {
      "integrity": "b015962d82a5e6daea980c32b82d2c40142149639968549c649031a230b1afb3",
      "dependencies": [
        "jsr:@std/internal"
      ]
    }
  },
  "workspace": {
    "dependencies": [
      "jsr:@quentinadam/zip@~0.1.6",
      "jsr:@std/cli@^1.0.24",
      "jsr:@std/fs@^1.0.20",
      "jsr:@std/path@^1.0.9"
    ]
  }
}
